
Microsoft Visual Studio Solution File, Format Version 12.00
# Visual Studio 15
VisualStudioVersion = 15.0.26730.12
MinimumVisualStudioVersion = 10.0.40219.1
Project("{FAE04EC0-301F-11D3-BF4B-00C04F79EFBC}") = "Demo1ConsoleApp", "Demo1ConsoleApp\Demo1ConsoleApp.csproj", "{14F3360B-93A2-46E8-B9F8-E29887BC0DA6}"
EndProject
Project("{FAE04EC0-301F-11D3-BF4B-00C04F79EFBC}") = "NetStandard20Lib", "NetStandard20Lib\NetStandard20Lib.csproj", "{9BF7975C-6E9E-4E4D-8C1B-07EC72F31C6D}"
EndProject
Project("{FAE04EC0-301F-11D3-BF4B-00C04F79EFBC}") = "NetStandard16Lib", "NetStandard16\NetStandard16Lib.csproj", "{C592A959-5F65-488E-942A-A7B6C5ED0E12}"
EndProject
Global
	GlobalSection(SolutionConfigurationPlatforms) = preSolution
		Debug|Any CPU = Debug|Any CPU
		Release|Any CPU = Release|Any CPU
	EndGlobalSection
	GlobalSection(ProjectConfigurationPlatforms) = postSolution
		{14F3360B-93A2-46E8-B9F8-E29887BC0DA6}.Debug|Any CPU.ActiveCfg = Debug|Any CPU
		{14F3360B-93A2-46E8-B9F8-E29887BC0DA6}.Debug|Any CPU.Build.0 = Debug|Any CPU
		{14F3360B-93A2-46E8-B9F8-E29887BC0DA6}.Release|Any CPU.ActiveCfg = Release|Any CPU
		{14F3360B-93A2-46E8-B9F8-E29887BC0DA6}.Release|Any CPU.Build.0 = Release|Any CPU
		{9BF7975C-6E9E-4E4D-8C1B-07EC72F31C6D}.Debug|Any CPU.ActiveCfg = Debug|Any CPU
		{9BF7975C-6E9E-4E4D-8C1B-07EC72F31C6D}.Debug|Any CPU.Build.0 = Debug|Any CPU
		{9BF7975C-6E9E-4E4D-8C1B-07EC72F31C6D}.Release|Any CPU.ActiveCfg = Release|Any CPU
		{9BF7975C-6E9E-4E4D-8C1B-07EC72F31C6D}.Release|Any CPU.Build.0 = Release|Any CPU
		{C592A959-5F65-488E-942A-A7B6C5ED0E12}.Debug|Any CPU.ActiveCfg = Debug|Any CPU
		{C592A959-5F65-488E-942A-A7B6C5ED0E12}.Debug|Any CPU.Build.0 = Debug|Any CPU
		{C592A959-5F65-488E-942A-A7B6C5ED0E12}.Release|Any CPU.ActiveCfg = Release|Any CPU
		{C592A959-5F65-488E-942A-A7B6C5ED0E12}.Release|Any CPU.Build.0 = Release|Any CPU
	EndGlobalSection
	GlobalSection(SolutionProperties) = preSolution
		HideSolutionNode = FALSE
	EndGlobalSection
	GlobalSection(ExtensibilityGlobals) = postSolution
		SolutionGuid = {DEE7BEE4-EE34-4C8D-81E7-53B8BDC9D400}
	EndGlobalSection
EndGlobal
