
Microsoft Visual Studio Solution File, Format Version 12.00
# Visual Studio 15
VisualStudioVersion = 15.0.26730.15
MinimumVisualStudioVersion = 10.0.40219.1
Project("{FAE04EC0-301F-11D3-BF4B-00C04F79EFBC}") = "Demo1Net46ConsoleApp", "Demo1Net46ConsoleApp\Demo1Net46ConsoleApp.csproj", "{8AD75A6F-C5B7-448A-92DB-16D48DAB1A69}"
EndProject
Project("{2150E333-8FDC-42A3-9474-1A3956D46DE8}") = "Libs", "Libs", "{D6CAB032-DC4A-48DE-BF9B-94DB1D00B1A2}"
EndProject
Project("{9A19103F-16F7-4668-BE54-9A1E7A4F7556}") = "NetStandard13Lib", "NetStandard13Lib\NetStandard13Lib.csproj", "{005ECC98-E9A5-422D-8DFF-8C7A368B7A83}"
EndProject
Project("{2150E333-8FDC-42A3-9474-1A3956D46DE8}") = "Apps", "Apps", "{9F4D9FE8-2D6B-441E-B735-F716467D91A3}"
EndProject
Project("{FAE04EC0-301F-11D3-BF4B-00C04F79EFBC}") = "Demo1Net40ConsoleApp", "Demo1Net40ConsoleApp\Demo1Net40ConsoleApp.csproj", "{1B3C50C4-8449-4A37-8883-4555BAD35BF9}"
EndProject
Project("{9A19103F-16F7-4668-BE54-9A1E7A4F7556}") = "Demo1NetCore20ConsoleApp", "Demo1NetCore20ConsoleApp\Demo1NetCore20ConsoleApp.csproj", "{48410293-BF76-469C-9151-4382652AA1C6}"
EndProject
Project("{9A19103F-16F7-4668-BE54-9A1E7A4F7556}") = "Demo1NetCore11ConsoleApp", "Demo1NetCore11ConsoleApp\Demo1NetCore11ConsoleApp.csproj", "{9C3C74A5-7F3F-44E0-8921-C0F2F49B9121}"
EndProject
Project("{9A19103F-16F7-4668-BE54-9A1E7A4F7556}") = "NetCore11Lib", "NetCore1.1Lib\NetCore11Lib.csproj", "{4EFDF54E-AC5A-4A4E-ADC2-5C94B790B2E4}"
EndProject
Project("{9A19103F-16F7-4668-BE54-9A1E7A4F7556}") = "NetStandard14Lib", "NetStandard14Lib\NetStandard14Lib.csproj", "{0F01A6B5-A4EB-42B7-805B-FA304D1F6676}"
EndProject
Global
	GlobalSection(SolutionConfigurationPlatforms) = preSolution
		Debug|Any CPU = Debug|Any CPU
		Release|Any CPU = Release|Any CPU
	EndGlobalSection
	GlobalSection(ProjectConfigurationPlatforms) = postSolution
		{8AD75A6F-C5B7-448A-92DB-16D48DAB1A69}.Debug|Any CPU.ActiveCfg = Debug|Any CPU
		{8AD75A6F-C5B7-448A-92DB-16D48DAB1A69}.Debug|Any CPU.Build.0 = Debug|Any CPU
		{8AD75A6F-C5B7-448A-92DB-16D48DAB1A69}.Release|Any CPU.ActiveCfg = Release|Any CPU
		{8AD75A6F-C5B7-448A-92DB-16D48DAB1A69}.Release|Any CPU.Build.0 = Release|Any CPU
		{005ECC98-E9A5-422D-8DFF-8C7A368B7A83}.Debug|Any CPU.ActiveCfg = Debug|Any CPU
		{005ECC98-E9A5-422D-8DFF-8C7A368B7A83}.Debug|Any CPU.Build.0 = Debug|Any CPU
		{005ECC98-E9A5-422D-8DFF-8C7A368B7A83}.Release|Any CPU.ActiveCfg = Release|Any CPU
		{005ECC98-E9A5-422D-8DFF-8C7A368B7A83}.Release|Any CPU.Build.0 = Release|Any CPU
		{1B3C50C4-8449-4A37-8883-4555BAD35BF9}.Debug|Any CPU.ActiveCfg = Debug|Any CPU
		{1B3C50C4-8449-4A37-8883-4555BAD35BF9}.Debug|Any CPU.Build.0 = Debug|Any CPU
		{1B3C50C4-8449-4A37-8883-4555BAD35BF9}.Release|Any CPU.ActiveCfg = Release|Any CPU
		{1B3C50C4-8449-4A37-8883-4555BAD35BF9}.Release|Any CPU.Build.0 = Release|Any CPU
		{48410293-BF76-469C-9151-4382652AA1C6}.Debug|Any CPU.ActiveCfg = Debug|Any CPU
		{48410293-BF76-469C-9151-4382652AA1C6}.Debug|Any CPU.Build.0 = Debug|Any CPU
		{48410293-BF76-469C-9151-4382652AA1C6}.Release|Any CPU.ActiveCfg = Release|Any CPU
		{48410293-BF76-469C-9151-4382652AA1C6}.Release|Any CPU.Build.0 = Release|Any CPU
		{9C3C74A5-7F3F-44E0-8921-C0F2F49B9121}.Debug|Any CPU.ActiveCfg = Debug|Any CPU
		{9C3C74A5-7F3F-44E0-8921-C0F2F49B9121}.Debug|Any CPU.Build.0 = Debug|Any CPU
		{9C3C74A5-7F3F-44E0-8921-C0F2F49B9121}.Release|Any CPU.ActiveCfg = Release|Any CPU
		{9C3C74A5-7F3F-44E0-8921-C0F2F49B9121}.Release|Any CPU.Build.0 = Release|Any CPU
		{4EFDF54E-AC5A-4A4E-ADC2-5C94B790B2E4}.Debug|Any CPU.ActiveCfg = Debug|Any CPU
		{4EFDF54E-AC5A-4A4E-ADC2-5C94B790B2E4}.Debug|Any CPU.Build.0 = Debug|Any CPU
		{4EFDF54E-AC5A-4A4E-ADC2-5C94B790B2E4}.Release|Any CPU.ActiveCfg = Release|Any CPU
		{4EFDF54E-AC5A-4A4E-ADC2-5C94B790B2E4}.Release|Any CPU.Build.0 = Release|Any CPU
		{0F01A6B5-A4EB-42B7-805B-FA304D1F6676}.Debug|Any CPU.ActiveCfg = Debug|Any CPU
		{0F01A6B5-A4EB-42B7-805B-FA304D1F6676}.Debug|Any CPU.Build.0 = Debug|Any CPU
		{0F01A6B5-A4EB-42B7-805B-FA304D1F6676}.Release|Any CPU.ActiveCfg = Release|Any CPU
		{0F01A6B5-A4EB-42B7-805B-FA304D1F6676}.Release|Any CPU.Build.0 = Release|Any CPU
	EndGlobalSection
	GlobalSection(SolutionProperties) = preSolution
		HideSolutionNode = FALSE
	EndGlobalSection
	GlobalSection(NestedProjects) = preSolution
		{8AD75A6F-C5B7-448A-92DB-16D48DAB1A69} = {9F4D9FE8-2D6B-441E-B735-F716467D91A3}
		{005ECC98-E9A5-422D-8DFF-8C7A368B7A83} = {D6CAB032-DC4A-48DE-BF9B-94DB1D00B1A2}
		{1B3C50C4-8449-4A37-8883-4555BAD35BF9} = {9F4D9FE8-2D6B-441E-B735-F716467D91A3}
		{48410293-BF76-469C-9151-4382652AA1C6} = {9F4D9FE8-2D6B-441E-B735-F716467D91A3}
		{9C3C74A5-7F3F-44E0-8921-C0F2F49B9121} = {9F4D9FE8-2D6B-441E-B735-F716467D91A3}
		{4EFDF54E-AC5A-4A4E-ADC2-5C94B790B2E4} = {D6CAB032-DC4A-48DE-BF9B-94DB1D00B1A2}
		{0F01A6B5-A4EB-42B7-805B-FA304D1F6676} = {D6CAB032-DC4A-48DE-BF9B-94DB1D00B1A2}
	EndGlobalSection
	GlobalSection(ExtensibilityGlobals) = postSolution
		SolutionGuid = {DEE7BEE4-EE34-4C8D-81E7-53B8BDC9D400}
	EndGlobalSection
EndGlobal
